<?xml version="1.0" encoding="utf-8"?>
<Project ToolsVersion="12.0" xmlns="http://schemas.microsoft.com/developer/msbuild/2003">
  <ItemGroup>
    <Filter Include="Assets">
      <UniqueIdentifier>7fae26dd-36c3-4e37-a67c-c91e44a90579</UniqueIdentifier>
      <Extensions>bmp;fbx;gif;jpg;jpeg;tga;tiff;tif;png</Extensions>
    </Filter>
    <Filter Include="Assets\board_assets">
      <UniqueIdentifier>{e41c7571-16c8-41d9-b1ea-3c2c60eb7ef7}</UniqueIdentifier>
    </Filter>
    <Filter Include="Assets\app_assets">
      <UniqueIdentifier>{8565ed7d-6a43-4a3b-9ce4-569eace0c842}</UniqueIdentifier>
    </Filter>
    <Filter Include="Assets\menu_assets">
      <UniqueIdentifier>{44023de5-d4fa-49b2-8878-947d86b67096}</UniqueIdentifier>
    </Filter>
  </ItemGroup>
  <ItemGroup>
    <ApplicationDefinition Include="App.xaml" />
  </ItemGroup>
  <ItemGroup>
    <ClCompile Include="App.xaml.cpp" />
    <ClCompile Include="pch.cpp" />
    <ClCompile Include="ygc.cpp" />
    <ClCompile Include="BoardPage.cpp" />
    <ClCompile Include="EditorPage.xaml.cpp" />
    <ClCompile Include="MatchPage.xaml.cpp" />
    <ClCompile Include="Go19.cpp" />
    <ClCompile Include="InputScreen.cpp" />
    <ClCompile Include="SGFParser.cpp" />
  </ItemGroup>
  <ItemGroup>
    <ClInclude Include="pch.h" />
    <ClInclude Include="App.xaml.h" />
    <ClInclude Include="ygc.h" />
    <ClInclude Include="BoardPage.h" />
    <ClInclude Include="EditorPage.xaml.h" />
    <ClInclude Include="MatchPage.xaml.h" />
    <ClInclude Include="Go19.h" />
    <ClInclude Include="DefaultSettings.h" />
    <ClInclude Include="InputScreen.h" />
    <ClInclude Include="SGFParser.h" />
    <ClInclude Include="SGFPWrapper.h" />
  </ItemGroup>
  <ItemGroup>
    <AppxManifest Include="Package.appxmanifest" />
  </ItemGroup>
  <ItemGroup>
    <Image Include="Assets\board_assets\ygc-stone-black.png">
      <Filter>Assets\board_assets</Filter>
    </Image>
    <Image Include="Assets\board_assets\ygc-stone-white.png">
      <Filter>Assets\board_assets</Filter>
    </Image>
    <Image Include="Assets\board_assets\avatar_small.jpg">
      <Filter>Assets\board_assets</Filter>
    </Image>
    <Image Include="Assets\app_assets\ygc-tile-44x44.png">
      <Filter>Assets\app_assets</Filter>
    </Image>
    <Image Include="Assets\app_assets\ygc-tile-71x71.png">
      <Filter>Assets\app_assets</Filter>
    </Image>
    <Image Include="Assets\app_assets\ygc-tile-150x150.png">
      <Filter>Assets\app_assets</Filter>
    </Image>
    <Image Include="Assets\app_assets\ygc-tile-170x170.png">
      <Filter>Assets\app_assets</Filter>
    </Image>
    <Image Include="Assets\app_assets\ygc-tile-360x360.png">
      <Filter>Assets\app_assets</Filter>
    </Image>
    <Image Include="Assets\app_assets\ygc-tile-splash.png">
      <Filter>Assets\app_assets</Filter>
    </Image>
    <Image Include="Assets\app_assets\ygc-tile-store.png">
      <Filter>Assets\app_assets</Filter>
    </Image>
    <Image Include="Assets\board_assets\ygc-edit-stone-black.png">
      <Filter>Assets\board_assets</Filter>
    </Image>
    <Image Include="Assets\board_assets\ygc-edit-stone-both.png">
      <Filter>Assets\board_assets</Filter>
    </Image>
    <Image Include="Assets\board_assets\ygc-edit-stone-white.png">
      <Filter>Assets\board_assets</Filter>
    </Image>
    <Image Include="Assets\board_assets\appbar.control.play.png">
      <Filter>Assets\board_assets</Filter>
    </Image>
    <Image Include="Assets\board_assets\appbar.edit.png">
      <Filter>Assets\board_assets</Filter>
    </Image>
    <Image Include="Assets\board_assets\appbar.navigate.next.png">
      <Filter>Assets\board_assets</Filter>
    </Image>
    <Image Include="Assets\board_assets\appbar.navigate.previous.png">
      <Filter>Assets\board_assets</Filter>
    </Image>
    <Image Include="Assets\board_assets\appbar.control.rewind.variant.png">
      <Filter>Assets\board_assets</Filter>
    </Image>
    <Image Include="Assets\board_assets\appbar.page.png">
      <Filter>Assets\board_assets</Filter>
    </Image>
    <Image Include="Assets\board_assets\appbar.hourglass.png">
      <Filter>Assets\board_assets</Filter>
    </Image>
    <Image Include="Assets\board_assets\appbar.flag.wavy.png">
      <Filter>Assets\board_assets</Filter>
    </Image>
    <Image Include="Assets\board_assets\appbar.folder.ellipsis.png">
      <Filter>Assets\board_assets</Filter>
    </Image>
    <Image Include="Assets\board_assets\appbar.save.png">
      <Filter>Assets\board_assets</Filter>
    </Image>
  </ItemGroup>
  <ItemGroup>
    <Page Include="MatchPage.xaml" />
    <Page Include="EditorPage.xaml" />
  </ItemGroup>
</Project>